// !$*UTF8*$!
{
	archiveVersion = 1;
	classes = {
	};
	objectVersion = 55;
	objects = {

/* Begin PBXBuildFile section */
		4AB58BBF2772F78E009FD340 /* AppDelegate.swift in Sources */ = {isa = PBXBuildFile; fileRef = 4AB58BBE2772F78E009FD340 /* AppDelegate.swift */; };
		4AB58BC12772F78E009FD340 /* SceneDelegate.swift in Sources */ = {isa = PBXBuildFile; fileRef = 4AB58BC02772F78E009FD340 /* SceneDelegate.swift */; };
		4AB58BC62772F78E009FD340 /* Main.storyboard in Resources */ = {isa = PBXBuildFile; fileRef = 4AB58BC42772F78E009FD340 /* Main.storyboard */; };
		4AB58BC82772F78F009FD340 /* Assets.xcassets in Resources */ = {isa = PBXBuildFile; fileRef = 4AB58BC72772F78F009FD340 /* Assets.xcassets */; };
		4AB58BCB2772F78F009FD340 /* LaunchScreen.storyboard in Resources */ = {isa = PBXBuildFile; fileRef = 4AB58BC92772F78F009FD340 /* LaunchScreen.storyboard */; };
		4AB58BD62772F790009FD340 /* KiniCuacaTests.swift in Sources */ = {isa = PBXBuildFile; fileRef = 4AB58BD52772F790009FD340 /* KiniCuacaTests.swift */; };
		4AB58BE02772F790009FD340 /* KiniCuacaUITests.swift in Sources */ = {isa = PBXBuildFile; fileRef = 4AB58BDF2772F790009FD340 /* KiniCuacaUITests.swift */; };
		4AB58BE22772F790009FD340 /* KiniCuacaUITestsLaunchTests.swift in Sources */ = {isa = PBXBuildFile; fileRef = 4AB58BE12772F790009FD340 /* KiniCuacaUITestsLaunchTests.swift */; };
		4AB58BF42772F988009FD340 /* WeatherManager.swift in Sources */ = {isa = PBXBuildFile; fileRef = 4AB58BF32772F988009FD340 /* WeatherManager.swift */; };
		4AB58BF62772FACC009FD340 /* WeatherData.swift in Sources */ = {isa = PBXBuildFile; fileRef = 4AB58BF52772FACC009FD340 /* WeatherData.swift */; };
		4AB58BF82772FB0F009FD340 /* WeatherModel.swift in Sources */ = {isa = PBXBuildFile; fileRef = 4AB58BF72772FB0F009FD340 /* WeatherModel.swift */; };
		4AB58BFA27730770009FD340 /* WeatherViewController.swift in Sources */ = {isa = PBXBuildFile; fileRef = 4AB58BF927730770009FD340 /* WeatherViewController.swift */; };
/* End PBXBuildFile section */

/* Begin PBXContainerItemProxy section */
		4AB58BD22772F790009FD340 /* PBXContainerItemProxy */ = {
			isa = PBXContainerItemProxy;
			containerPortal = 4AB58BB32772F78D009FD340 /* Project object */;
			proxyType = 1;
			remoteGlobalIDString = 4AB58BBA2772F78E009FD340;
			remoteInfo = KiniCuaca;
		};
		4AB58BDC2772F790009FD340 /* PBXContainerItemProxy */ = {
			isa = PBXContainerItemProxy;
			containerPortal = 4AB58BB32772F78D009FD340 /* Project object */;
			proxyType = 1;
			remoteGlobalIDString = 4AB58BBA2772F78E009FD340;
			remoteInfo = KiniCuaca;
		};
/* End PBXContainerItemProxy section */

/* Begin PBXFileReference section */
		4AB58BBB2772F78E009FD340 /* KiniCuaca.app */ = {isa = PBXFileReference; explicitFileType = wrapper.application; includeInIndex = 0; path = KiniCuaca.app; sourceTree = BUILT_PRODUCTS_DIR; };
		4AB58BBE2772F78E009FD340 /* AppDelegate.swift */ = {isa = PBXFileReference; lastKnownFileType = sourcecode.swift; path = AppDelegate.swift; sourceTree = "<group>"; };
		4AB58BC02772F78E009FD340 /* SceneDelegate.swift */ = {isa = PBXFileReference; lastKnownFileType = sourcecode.swift; path = SceneDelegate.swift; sourceTree = "<group>"; };
		4AB58BC52772F78E009FD340 /* Base */ = {isa = PBXFileReference; lastKnownFileType = file.storyboard; name = Base; path = Base.lproj/Main.storyboard; sourceTree = "<group>"; };
		4AB58BC72772F78F009FD340 /* Assets.xcassets */ = {isa = PBXFileReference; lastKnownFileType = folder.assetcatalog; path = Assets.xcassets; sourceTree = "<group>"; };
		4AB58BCA2772F78F009FD340 /* Base */ = {isa = PBXFileReference; lastKnownFileType = file.storyboard; name = Base; path = Base.lproj/LaunchScreen.storyboard; sourceTree = "<group>"; };
		4AB58BCC2772F78F009FD340 /* Info.plist */ = {isa = PBXFileReference; lastKnownFileType = text.plist.xml; path = Info.plist; sourceTree = "<group>"; };
		4AB58BD12772F790009FD340 /* KiniCuacaTests.xctest */ = {isa = PBXFileReference; explicitFileType = wrapper.cfbundle; includeInIndex = 0; path = KiniCuacaTests.xctest; sourceTree = BUILT_PRODUCTS_DIR; };
		4AB58BD52772F790009FD340 /* KiniCuacaTests.swift */ = {isa = PBXFileReference; lastKnownFileType = sourcecode.swift; path = KiniCuacaTests.swift; sourceTree = "<group>"; };
		4AB58BDB2772F790009FD340 /* KiniCuacaUITests.xctest */ = {isa = PBXFileReference; explicitFileType = wrapper.cfbundle; includeInIndex = 0; path = KiniCuacaUITests.xctest; sourceTree = BUILT_PRODUCTS_DIR; };
		4AB58BDF2772F790009FD340 /* KiniCuacaUITests.swift */ = {isa = PBXFileReference; lastKnownFileType = sourcecode.swift; path = KiniCuacaUITests.swift; sourceTree = "<group>"; };
		4AB58BE12772F790009FD340 /* KiniCuacaUITestsLaunchTests.swift */ = {isa = PBXFileReference; lastKnownFileType = sourcecode.swift; path = KiniCuacaUITestsLaunchTests.swift; sourceTree = "<group>"; };
		4AB58BF32772F988009FD340 /* WeatherManager.swift */ = {isa = PBXFileReference; lastKnownFileType = sourcecode.swift; path = WeatherManager.swift; sourceTree = "<group>"; };
		4AB58BF52772FACC009FD340 /* WeatherData.swift */ = {isa = PBXFileReference; lastKnownFileType = sourcecode.swift; path = WeatherData.swift; sourceTree = "<group>"; };
		4AB58BF72772FB0F009FD340 /* WeatherModel.swift */ = {isa = PBXFileReference; lastKnownFileType = sourcecode.swift; path = WeatherModel.swift; sourceTree = "<group>"; };
		4AB58BF927730770009FD340 /* WeatherViewController.swift */ = {isa = PBXFileReference; lastKnownFileType = sourcecode.swift; path = WeatherViewController.swift; sourceTree = "<group>"; };
/* End PBXFileReference section */

/* Begin PBXFrameworksBuildPhase section */
		4AB58BB82772F78E009FD340 /* Frameworks */ = {
			isa = PBXFrameworksBuildPhase;
			buildActionMask = 2147483647;
			files = (
			);
			runOnlyForDeploymentPostprocessing = 0;
		};
		4AB58BCE2772F790009FD340 /* Frameworks */ = {
			isa = PBXFrameworksBuildPhase;
			buildActionMask = 2147483647;
			files = (
			);
			runOnlyForDeploymentPostprocessing = 0;
		};
		4AB58BD82772F790009FD340 /* Frameworks */ = {
			isa = PBXFrameworksBuildPhase;
			buildActionMask = 2147483647;
			files = (
			);
			runOnlyForDeploymentPostprocessing = 0;
		};
/* End PBXFrameworksBuildPhase section */

/* Begin PBXGroup section */
		4AB58BB22772F78D009FD340 = {
			isa = PBXGroup;
			children = (
				4AB58BBD2772F78E009FD340 /* KiniCuaca */,
				4AB58BD42772F790009FD340 /* KiniCuacaTests */,
				4AB58BDE2772F790009FD340 /* KiniCuacaUITests */,
				4AB58BBC2772F78E009FD340 /* Products */,
			);
			sourceTree = "<group>";
		};
		4AB58BBC2772F78E009FD340 /* Products */ = {
			isa = PBXGroup;
			children = (
				4AB58BBB2772F78E009FD340 /* KiniCuaca.app */,
				4AB58BD12772F790009FD340 /* KiniCuacaTests.xctest */,
				4AB58BDB2772F790009FD340 /* KiniCuacaUITests.xctest */,
			);
			name = Products;
			sourceTree = "<group>";
		};
		4AB58BBD2772F78E009FD340 /* KiniCuaca */ = {
			isa = PBXGroup;
			children = (
				4AB58BBE2772F78E009FD340 /* AppDelegate.swift */,
				4AB58BC02772F78E009FD340 /* SceneDelegate.swift */,
				4AB58BF02772F7AE009FD340 /* Model */,
				4AB58BEF2772F7A4009FD340 /* View */,
				4AB58BEE2772F79C009FD340 /* Controller */,
				4AB58BC72772F78F009FD340 /* Assets.xcassets */,
				4AB58BC92772F78F009FD340 /* LaunchScreen.storyboard */,
				4AB58BCC2772F78F009FD340 /* Info.plist */,
			);
			path = KiniCuaca;
			sourceTree = "<group>";
		};
		4AB58BD42772F790009FD340 /* KiniCuacaTests */ = {
			isa = PBXGroup;
			children = (
				4AB58BD52772F790009FD340 /* KiniCuacaTests.swift */,
			);
			path = KiniCuacaTests;
			sourceTree = "<group>";
		};
		4AB58BDE2772F790009FD340 /* KiniCuacaUITests */ = {
			isa = PBXGroup;
			children = (
				4AB58BDF2772F790009FD340 /* KiniCuacaUITests.swift */,
				4AB58BE12772F790009FD340 /* KiniCuacaUITestsLaunchTests.swift */,
			);
			path = KiniCuacaUITests;
			sourceTree = "<group>";
		};
		4AB58BEE2772F79C009FD340 /* Controller */ = {
			isa = PBXGroup;
			children = (
				4AB58BF927730770009FD340 /* WeatherViewController.swift */,
			);
			path = Controller;
			sourceTree = "<group>";
		};
		4AB58BEF2772F7A4009FD340 /* View */ = {
			isa = PBXGroup;
			children = (
				4AB58BC42772F78E009FD340 /* Main.storyboard */,
			);
			path = View;
			sourceTree = "<group>";
		};
		4AB58BF02772F7AE009FD340 /* Model */ = {
			isa = PBXGroup;
			children = (
				4AB58BF32772F988009FD340 /* WeatherManager.swift */,
				4AB58BF52772FACC009FD340 /* WeatherData.swift */,
				4AB58BF72772FB0F009FD340 /* WeatherModel.swift */,
			);
			path = Model;
			sourceTree = "<group>";
		};
/* End PBXGroup section */

/* Begin PBXNativeTarget section */
		4AB58BBA2772F78E009FD340 /* KiniCuaca */ = {
			isa = PBXNativeTarget;
			buildConfigurationList = 4AB58BE52772F790009FD340 /* Build configuration list for PBXNativeTarget "KiniCuaca" */;
			buildPhases = (
				4AB58BB72772F78E009FD340 /* Sources */,
				4AB58BB82772F78E009FD340 /* Frameworks */,
				4AB58BB92772F78E009FD340 /* Resources */,
			);
			buildRules = (
			);
			dependencies = (
			);
			name = KiniCuaca;
			productName = KiniCuaca;
			productReference = 4AB58BBB2772F78E009FD340 /* KiniCuaca.app */;
			productType = "com.apple.product-type.application";
		};
		4AB58BD02772F790009FD340 /* KiniCuacaTests */ = {
			isa = PBXNativeTarget;
			buildConfigurationList = 4AB58BE82772F790009FD340 /* Build configuration list for PBXNativeTarget "KiniCuacaTests" */;
			buildPhases = (
				4AB58BCD2772F790009FD340 /* Sources */,
				4AB58BCE2772F790009FD340 /* Frameworks */,
				4AB58BCF2772F790009FD340 /* Resources */,
			);
			buildRules = (
			);
			dependencies = (
				4AB58BD32772F790009FD340 /* PBXTargetDependency */,
			);
			name = KiniCuacaTests;
			productName = KiniCuacaTests;
			productReference = 4AB58BD12772F790009FD340 /* KiniCuacaTests.xctest */;
			productType = "com.apple.product-type.bundle.unit-test";
		};
		4AB58BDA2772F790009FD340 /* KiniCuacaUITests */ = {
			isa = PBXNativeTarget;
			buildConfigurationList = 4AB58BEB2772F790009FD340 /* Build configuration list for PBXNativeTarget "KiniCuacaUITests" */;
			buildPhases = (
				4AB58BD72772F790009FD340 /* Sources */,
				4AB58BD82772F790009FD340 /* Frameworks */,
				4AB58BD92772F790009FD340 /* Resources */,
			);
			buildRules = (
			);
			dependencies = (
				4AB58BDD2772F790009FD340 /* PBXTargetDependency */,
			);
			name = KiniCuacaUITests;
			productName = KiniCuacaUITests;
			productReference = 4AB58BDB2772F790009FD340 /* KiniCuacaUITests.xctest */;
			productType = "com.apple.product-type.bundle.ui-testing";
		};
/* End PBXNativeTarget section */

/* Begin PBXProject section */
		4AB58BB32772F78D009FD340 /* Project object */ = {
			isa = PBXProject;
			attributes = {
				BuildIndependentTargetsInParallel = 1;
				LastSwiftUpdateCheck = 1320;
				LastUpgradeCheck = 1320;
				TargetAttributes = {
					4AB58BBA2772F78E009FD340 = {
						CreatedOnToolsVersion = 13.2.1;
					};
					4AB58BD02772F790009FD340 = {
						CreatedOnToolsVersion = 13.2.1;
						TestTargetID = 4AB58BBA2772F78E009FD340;
					};
					4AB58BDA2772F790009FD340 = {
						CreatedOnToolsVersion = 13.2.1;
						TestTargetID = 4AB58BBA2772F78E009FD340;
					};
				};
			};
			buildConfigurationList = 4AB58BB62772F78D009FD340 /* Build configuration list for PBXProject "KiniCuaca" */;
			compatibilityVersion = "Xcode 13.0";
			developmentRegion = en;
			hasScannedForEncodings = 0;
			knownRegions = (
				en,
				Base,
			);
			mainGroup = 4AB58BB22772F78D009FD340;
			productRefGroup = 4AB58BBC2772F78E009FD340 /* Products */;
			projectDirPath = "";
			projectRoot = "";
			targets = (
				4AB58BBA2772F78E009FD340 /* KiniCuaca */,
				4AB58BD02772F790009FD340 /* KiniCuacaTests */,
				4AB58BDA2772F790009FD340 /* KiniCuacaUITests */,
			);
		};
/* End PBXProject section */

/* Begin PBXResourcesBuildPhase section */
		4AB58BB92772F78E009FD340 /* Resources */ = {
			isa = PBXResourcesBuildPhase;
			buildActionMask = 2147483647;
			files = (
				4AB58BCB2772F78F009FD340 /* LaunchScreen.storyboard in Resources */,
				4AB58BC82772F78F009FD340 /* Assets.xcassets in Resources */,
				4AB58BC62772F78E009FD340 /* Main.storyboard in Resources */,
			);
			runOnlyForDeploymentPostprocessing = 0;
		};
		4AB58BCF2772F790009FD340 /* Resources */ = {
			isa = PBXResourcesBuildPhase;
			buildActionMask = 2147483647;
			files = (
			);
			runOnlyForDeploymentPostprocessing = 0;
		};
		4AB58BD92772F790009FD340 /* Resources */ = {
			isa = PBXResourcesBuildPhase;
			buildActionMask = 2147483647;
			files = (
			);
			runOnlyForDeploymentPostprocessing = 0;
		};
/* End PBXResourcesBuildPhase section */

/* Begin PBXSourcesBuildPhase section */
		4AB58BB72772F78E009FD340 /* Sources */ = {
			isa = PBXSourcesBuildPhase;
			buildActionMask = 2147483647;
			files = (
				4AB58BF62772FACC009FD340 /* WeatherData.swift in Sources */,
				4AB58BFA27730770009FD340 /* WeatherViewController.swift in Sources */,
				4AB58BBF2772F78E009FD340 /* AppDelegate.swift in Sources */,
				4AB58BF42772F988009FD340 /* WeatherManager.swift in Sources */,
				4AB58BF82772FB0F009FD340 /* WeatherModel.swift in Sources */,
				4AB58BC12772F78E009FD340 /* SceneDelegate.swift in Sources */,
			);
			runOnlyForDeploymentPostprocessing = 0;
		};
		4AB58BCD2772F790009FD340 /* Sources */ = {
			isa = PBXSourcesBuildPhase;
			buildActionMask = 2147483647;
			files = (
				4AB58BD62772F790009FD340 /* KiniCuacaTests.swift in Sources */,
			);
			runOnlyForDeploymentPostprocessing = 0;
		};
		4AB58BD72772F790009FD340 /* Sources */ = {
			isa = PBXSourcesBuildPhase;
			buildActionMask = 2147483647;
			files = (
				4AB58BE02772F790009FD340 /* KiniCuacaUITests.swift in Sources */,
				4AB58BE22772F790009FD340 /* KiniCuacaUITestsLaunchTests.swift in Sources */,
			);
			runOnlyForDeploymentPostprocessing = 0;
		};
/* End PBXSourcesBuildPhase section */

/* Begin PBXTargetDependency section */
		4AB58BD32772F790009FD340 /* PBXTargetDependency */ = {
			isa = PBXTargetDependency;
			target = 4AB58BBA2772F78E009FD340 /* KiniCuaca */;
			targetProxy = 4AB58BD22772F790009FD340 /* PBXContainerItemProxy */;
		};
		4AB58BDD2772F790009FD340 /* PBXTargetDependency */ = {
			isa = PBXTargetDependency;
			target = 4AB58BBA2772F78E009FD340 /* KiniCuaca */;
			targetProxy = 4AB58BDC2772F790009FD340 /* PBXContainerItemProxy */;
		};
/* End PBXTargetDependency section */

/* Begin PBXVariantGroup section */
		4AB58BC42772F78E009FD340 /* Main.storyboard */ = {
			isa = PBXVariantGroup;
			children = (
				4AB58BC52772F78E009FD340 /* Base */,
			);
			name = Main.storyboard;
			sourceTree = "<group>";
		};
		4AB58BC92772F78F009FD340 /* LaunchScreen.storyboard */ = {
			isa = PBXVariantGroup;
			children = (
				4AB58BCA2772F78F009FD340 /* Base */,
			);
			name = LaunchScreen.storyboard;
			sourceTree = "<group>";
		};
/* End PBXVariantGroup section */

/* Begin XCBuildConfiguration section */
		4AB58BE32772F790009FD340 /* Debug */ = {
			isa = XCBuildConfiguration;
			buildSettings = {
				ALWAYS_SEARCH_USER_PATHS = NO;
				CLANG_ANALYZER_NONNULL = YES;
				CLANG_ANALYZER_NUMBER_OBJECT_CONVERSION = YES_AGGRESSIVE;
				CLANG_CXX_LANGUAGE_STANDARD = "gnu++17";
				CLANG_CXX_LIBRARY = "libc++";
				CLANG_ENABLE_MODULES = YES;
				CLANG_ENABLE_OBJC_ARC = YES;
				CLANG_ENABLE_OBJC_WEAK = YES;
				CLANG_WARN_BLOCK_CAPTURE_AUTORELEASING = YES;
				CLANG_WARN_BOOL_CONVERSION = YES;
				CLANG_WARN_COMMA = YES;
				CLANG_WARN_CONSTANT_CONVERSION = YES;
				CLANG_WARN_DEPRECATED_OBJC_IMPLEMENTATIONS = YES;
				CLANG_WARN_DIRECT_OBJC_ISA_USAGE = YES_ERROR;
				CLANG_WARN_DOCUMENTATION_COMMENTS = YES;
				CLANG_WARN_EMPTY_BODY = YES;
				CLANG_WARN_ENUM_CONVERSION = YES;
				CLANG_WARN_INFINITE_RECURSION = YES;
				CLANG_WARN_INT_CONVERSION = YES;
				CLANG_WARN_NON_LITERAL_NULL_CONVERSION = YES;
				CLANG_WARN_OBJC_IMPLICIT_RETAIN_SELF = YES;
				CLANG_WARN_OBJC_LITERAL_CONVERSION = YES;
				CLANG_WARN_OBJC_ROOT_CLASS = YES_ERROR;
				CLANG_WARN_QUOTED_INCLUDE_IN_FRAMEWORK_HEADER = YES;
				CLANG_WARN_RANGE_LOOP_ANALYSIS = YES;
				CLANG_WARN_STRICT_PROTOTYPES = YES;
				CLANG_WARN_SUSPICIOUS_MOVE = YES;
				CLANG_WARN_UNGUARDED_AVAILABILITY = YES_AGGRESSIVE;
				CLANG_WARN_UNREACHABLE_CODE = YES;
				CLANG_WARN__DUPLICATE_METHOD_MATCH = YES;
				COPY_PHASE_STRIP = NO;
				DEBUG_INFORMATION_FORMAT = dwarf;
				ENABLE_STRICT_OBJC_MSGSEND = YES;
				ENABLE_TESTABILITY = YES;
				GCC_C_LANGUAGE_STANDARD = gnu11;
				GCC_DYNAMIC_NO_PIC = NO;
				GCC_NO_COMMON_BLOCKS = YES;
				GCC_OPTIMIZATION_LEVEL = 0;
				GCC_PREPROCESSOR_DEFINITIONS = (
					"DEBUG=1",
					"$(inherited)",
				);
				GCC_WARN_64_TO_32_BIT_CONVERSION = YES;
				GCC_WARN_ABOUT_RETURN_TYPE = YES_ERROR;
				GCC_WARN_UNDECLARED_SELECTOR = YES;
				GCC_WARN_UNINITIALIZED_AUTOS = YES_AGGRESSIVE;
				GCC_WARN_UNUSED_FUNCTION = YES;
				GCC_WARN_UNUSED_VARIABLE = YES;
				IPHONEOS_DEPLOYMENT_TARGET = 15.2;
				MTL_ENABLE_DEBUG_INFO = INCLUDE_SOURCE;
				MTL_FAST_MATH = YES;
				ONLY_ACTIVE_ARCH = YES;
				SDKROOT = iphoneos;
				SWIFT_ACTIVE_COMPILATION_CONDITIONS = DEBUG;
				SWIFT_OPTIMIZATION_LEVEL = "-Onone";
			};
			name = Debug;
		};
		4AB58BE42772F790009FD340 /* Release */ = {
			isa = XCBuildConfiguration;
			buildSettings = {
				ALWAYS_SEARCH_USER_PATHS = NO;
				CLANG_ANALYZER_NONNULL = YES;
				CLANG_ANALYZER_NUMBER_OBJECT_CONVERSION = YES_AGGRESSIVE;
				CLANG_CXX_LANGUAGE_STANDARD = "gnu++17";
				CLANG_CXX_LIBRARY = "libc++";
				CLANG_ENABLE_MODULES = YES;
				CLANG_ENABLE_OBJC_ARC = YES;
				CLANG_ENABLE_OBJC_WEAK = YES;
				CLANG_WARN_BLOCK_CAPTURE_AUTORELEASING = YES;
				CLANG_WARN_BOOL_CONVERSION = YES;
				CLANG_WARN_COMMA = YES;
				CLANG_WARN_CONSTANT_CONVERSION = YES;
				CLANG_WARN_DEPRECATED_OBJC_IMPLEMENTATIONS = YES;
				CLANG_WARN_DIRECT_OBJC_ISA_USAGE = YES_ERROR;
				CLANG_WARN_DOCUMENTATION_COMMENTS = YES;
				CLANG_WARN_EMPTY_BODY = YES;
				CLANG_WARN_ENUM_CONVERSION = YES;
				CLANG_WARN_INFINITE_RECURSION = YES;
				CLANG_WARN_INT_CONVERSION = YES;
				CLANG_WARN_NON_LITERAL_NULL_CONVERSION = YES;
				CLANG_WARN_OBJC_IMPLICIT_RETAIN_SELF = YES;
				CLANG_WARN_OBJC_LITERAL_CONVERSION = YES;
				CLANG_WARN_OBJC_ROOT_CLASS = YES_ERROR;
				CLANG_WARN_QUOTED_INCLUDE_IN_FRAMEWORK_HEADER = YES;
				CLANG_WARN_RANGE_LOOP_ANALYSIS = YES;
				CLANG_WARN_STRICT_PROTOTYPES = YES;
				CLANG_WARN_SUSPICIOUS_MOVE = YES;
				CLANG_WARN_UNGUARDED_AVAILABILITY = YES_AGGRESSIVE;
				CLANG_WARN_UNREACHABLE_CODE = YES;
				CLANG_WARN__DUPLICATE_METHOD_MATCH = YES;
				COPY_PHASE_STRIP = NO;
				DEBUG_INFORMATION_FORMAT = "dwarf-with-dsym";
				ENABLE_NS_ASSERTIONS = NO;
				ENABLE_STRICT_OBJC_MSGSEND = YES;
				GCC_C_LANGUAGE_STANDARD = gnu11;
				GCC_NO_COMMON_BLOCKS = YES;
				GCC_WARN_64_TO_32_BIT_CONVERSION = YES;
				GCC_WARN_ABOUT_RETURN_TYPE = YES_ERROR;
				GCC_WARN_UNDECLARED_SELECTOR = YES;
				GCC_WARN_UNINITIALIZED_AUTOS = YES_AGGRESSIVE;
				GCC_WARN_UNUSED_FUNCTION = YES;
				GCC_WARN_UNUSED_VARIABLE = YES;
				IPHONEOS_DEPLOYMENT_TARGET = 15.2;
				MTL_ENABLE_DEBUG_INFO = NO;
				MTL_FAST_MATH = YES;
				SDKROOT = iphoneos;
				SWIFT_COMPILATION_MODE = wholemodule;
				SWIFT_OPTIMIZATION_LEVEL = "-O";
				VALIDATE_PRODUCT = YES;
			};
			name = Release;
		};
		4AB58BE62772F790009FD340 /* Debug */ = {
			isa = XCBuildConfiguration;
			buildSettings = {
				ASSETCATALOG_COMPILER_APPICON_NAME = AppIcon;
				ASSETCATALOG_COMPILER_GLOBAL_ACCENT_COLOR_NAME = AccentColor;
				CODE_SIGN_STYLE = Automatic;
				CURRENT_PROJECT_VERSION = 1;
				DEVELOPMENT_TEAM = DT3GQDXQK9;
				GENERATE_INFOPLIST_FILE = YES;
				INFOPLIST_FILE = KiniCuaca/Info.plist;
				INFOPLIST_KEY_UIApplicationSupportsIndirectInputEvents = YES;
				INFOPLIST_KEY_UILaunchStoryboardName = LaunchScreen;
				INFOPLIST_KEY_UIMainStoryboardFile = Main;
				INFOPLIST_KEY_UISupportedInterfaceOrientations_iPad = "UIInterfaceOrientationPortrait UIInterfaceOrientationPortraitUpsideDown UIInterfaceOrientationLandscapeLeft UIInterfaceOrientationLandscapeRight";
				INFOPLIST_KEY_UISupportedInterfaceOrientations_iPhone = "UIInterfaceOrientationPortrait UIInterfaceOrientationLandscapeLeft UIInterfaceOrientationLandscapeRight";
				LD_RUNPATH_SEARCH_PATHS = (
					"$(inherited)",
					"@executable_path/Frameworks",
				);
				MARKETING_VERSION = 1.0;
				PRODUCT_BUNDLE_IDENTIFIER = com.benjopw.KiniCuaca;
				PRODUCT_NAME = "$(TARGET_NAME)";
				SWIFT_EMIT_LOC_STRINGS = YES;
				SWIFT_VERSION = 5.0;
				TARGETED_DEVICE_FAMILY = "1,2";
			};
			name = Debug;
		};
		4AB58BE72772F790009FD340 /* Release */ = {
			isa = XCBuildConfiguration;
			buildSettings = {
				ASSETCATALOG_COMPILER_APPICON_NAME = AppIcon;
				ASSETCATALOG_COMPILER_GLOBAL_ACCENT_COLOR_NAME = AccentColor;
				CODE_SIGN_STYLE = Automatic;
				CURRENT_PROJECT_VERSION = 1;
				DEVELOPMENT_TEAM = DT3GQDXQK9;
				GENERATE_INFOPLIST_FILE = YES;
				INFOPLIST_FILE = KiniCuaca/Info.plist;
				INFOPLIST_KEY_UIApplicationSupportsIndirectInputEvents = YES;
				INFOPLIST_KEY_UILaunchStoryboardName = LaunchScreen;
				INFOPLIST_KEY_UIMainStoryboardFile = Main;
				INFOPLIST_KEY_UISupportedInterfaceOrientations_iPad = "UIInterfaceOrientationPortrait UIInterfaceOrientationPortraitUpsideDown UIInterfaceOrientationLandscapeLeft UIInterfaceOrientationLandscapeRight";
				INFOPLIST_KEY_UISupportedInterfaceOrientations_iPhone = "UIInterfaceOrientationPortrait UIInterfaceOrientationLandscapeLeft UIInterfaceOrientationLandscapeRight";
				LD_RUNPATH_SEARCH_PATHS = (
					"$(inherited)",
					"@executable_path/Frameworks",
				);
				MARKETING_VERSION = 1.0;
				PRODUCT_BUNDLE_IDENTIFIER = com.benjopw.KiniCuaca;
				PRODUCT_NAME = "$(TARGET_NAME)";
				SWIFT_EMIT_LOC_STRINGS = YES;
				SWIFT_VERSION = 5.0;
				TARGETED_DEVICE_FAMILY = "1,2";
			};
			name = Release;
		};
		4AB58BE92772F790009FD340 /* Debug */ = {
			isa = XCBuildConfiguration;
			buildSettings = {
				ALWAYS_EMBED_SWIFT_STANDARD_LIBRARIES = YES;
				BUNDLE_LOADER = "$(TEST_HOST)";
				CODE_SIGN_STYLE = Automatic;
				CURRENT_PROJECT_VERSION = 1;
				DEVELOPMENT_TEAM = DT3GQDXQK9;
				GENERATE_INFOPLIST_FILE = YES;
				IPHONEOS_DEPLOYMENT_TARGET = 15.2;
				MARKETING_VERSION = 1.0;
				PRODUCT_BUNDLE_IDENTIFIER = com.benjopw.KiniCuacaTests;
				PRODUCT_NAME = "$(TARGET_NAME)";
				SWIFT_EMIT_LOC_STRINGS = NO;
				SWIFT_VERSION = 5.0;
				TARGETED_DEVICE_FAMILY = "1,2";
				TEST_HOST = "$(BUILT_PRODUCTS_DIR)/KiniCuaca.app/KiniCuaca";
			};
			name = Debug;
		};
		4AB58BEA2772F790009FD340 /* Release */ = {
			isa = XCBuildConfiguration;
			buildSettings = {
				ALWAYS_EMBED_SWIFT_STANDARD_LIBRARIES = YES;
				BUNDLE_LOADER = "$(TEST_HOST)";
				CODE_SIGN_STYLE = Automatic;
				CURRENT_PROJECT_VERSION = 1;
				DEVELOPMENT_TEAM = DT3GQDXQK9;
				GENERATE_INFOPLIST_FILE = YES;
				IPHONEOS_DEPLOYMENT_TARGET = 15.2;
				MARKETING_VERSION = 1.0;
				PRODUCT_BUNDLE_IDENTIFIER = com.benjopw.KiniCuacaTests;
				PRODUCT_NAME = "$(TARGET_NAME)";
				SWIFT_EMIT_LOC_STRINGS = NO;
				SWIFT_VERSION = 5.0;
				TARGETED_DEVICE_FAMILY = "1,2";
				TEST_HOST = "$(BUILT_PRODUCTS_DIR)/KiniCuaca.app/KiniCuaca";
			};
			name = Release;
		};
		4AB58BEC2772F790009FD340 /* Debug */ = {
			isa = XCBuildConfiguration;
			buildSettings = {
				ALWAYS_EMBED_SWIFT_STANDARD_LIBRARIES = YES;
				CODE_SIGN_STYLE = Automatic;
				CURRENT_PROJECT_VERSION = 1;
				DEVELOPMENT_TEAM = DT3GQDXQK9;
				GENERATE_INFOPLIST_FILE = YES;
				MARKETING_VERSION = 1.0;
				PRODUCT_BUNDLE_IDENTIFIER = com.benjopw.KiniCuacaUITests;
				PRODUCT_NAME = "$(TARGET_NAME)";
				SWIFT_EMIT_LOC_STRINGS = NO;
				SWIFT_VERSION = 5.0;
				TARGETED_DEVICE_FAMILY = "1,2";
				TEST_TARGET_NAME = KiniCuaca;
			};
			name = Debug;
		};
		4AB58BED2772F790009FD340 /* Release */ = {
			isa = XCBuildConfiguration;
			buildSettings = {
				ALWAYS_EMBED_SWIFT_STANDARD_LIBRARIES = YES;
				CODE_SIGN_STYLE = Automatic;
				CURRENT_PROJECT_VERSION = 1;
				DEVELOPMENT_TEAM = DT3GQDXQK9;
				GENERATE_INFOPLIST_FILE = YES;
				MARKETING_VERSION = 1.0;
				PRODUCT_BUNDLE_IDENTIFIER = com.benjopw.KiniCuacaUITests;
				PRODUCT_NAME = "$(TARGET_NAME)";
				SWIFT_EMIT_LOC_STRINGS = NO;
				SWIFT_VERSION = 5.0;
				TARGETED_DEVICE_FAMILY = "1,2";
				TEST_TARGET_NAME = KiniCuaca;
			};
			name = Release;
		};
/* End XCBuildConfiguration section */

/* Begin XCConfigurationList section */
		4AB58BB62772F78D009FD340 /* Build configuration list for PBXProject "KiniCuaca" */ = {
			isa = XCConfigurationList;
			buildConfigurations = (
				4AB58BE32772F790009FD340 /* Debug */,
				4AB58BE42772F790009FD340 /* Release */,
			);
			defaultConfigurationIsVisible = 0;
			defaultConfigurationName = Release;
		};
		4AB58BE52772F790009FD340 /* Build configuration list for PBXNativeTarget "KiniCuaca" */ = {
			isa = XCConfigurationList;
			buildConfigurations = (
				4AB58BE62772F790009FD340 /* Debug */,
				4AB58BE72772F790009FD340 /* Release */,
			);
			defaultConfigurationIsVisible = 0;
			defaultConfigurationName = Release;
		};
		4AB58BE82772F790009FD340 /* Build configuration list for PBXNativeTarget "KiniCuacaTests" */ = {
			isa = XCConfigurationList;
			buildConfigurations = (
				4AB58BE92772F790009FD340 /* Debug */,
				4AB58BEA2772F790009FD340 /* Release */,
			);
			defaultConfigurationIsVisible = 0;
			defaultConfigurationName = Release;
		};
		4AB58BEB2772F790009FD340 /* Build configuration list for PBXNativeTarget "KiniCuacaUITests" */ = {
			isa = XCConfigurationList;
			buildConfigurations = (
				4AB58BEC2772F790009FD340 /* Debug */,
				4AB58BED2772F790009FD340 /* Release */,
			);
			defaultConfigurationIsVisible = 0;
			defaultConfigurationName = Release;
		};
/* End XCConfigurationList section */
	};
	rootObject = 4AB58BB32772F78D009FD340 /* Project object */;
}
